
Microsoft Visual Studio Solution File, Format Version 12.00
# Visual Studio Version 17
VisualStudioVersion = 17.0.32112.339
MinimumVisualStudioVersion = 10.0.40219.1
Project("{FAE04EC0-301F-11D3-BF4B-00C04F79EFBC}") = "Classes-for-working-with-symbols-and-strings", "Classes-for-working-with-symbols-and-strings.csproj", "{8935ED9E-E280-4E1A-B16B-7F52B3AB87AB}"
EndProject
Global
	GlobalSection(SolutionConfigurationPlatforms) = preSolution
		Debug|Any CPU = Debug|Any CPU
		Release|Any CPU = Release|Any CPU
	EndGlobalSection
	GlobalSection(ProjectConfigurationPlatforms) = postSolution
		{8935ED9E-E280-4E1A-B16B-7F52B3AB87AB}.Debug|Any CPU.ActiveCfg = Debug|Any CPU
		{8935ED9E-E280-4E1A-B16B-7F52B3AB87AB}.Debug|Any CPU.Build.0 = Debug|Any CPU
		{8935ED9E-E280-4E1A-B16B-7F52B3AB87AB}.Release|Any CPU.ActiveCfg = Release|Any CPU
		{8935ED9E-E280-4E1A-B16B-7F52B3AB87AB}.Release|Any CPU.Build.0 = Release|Any CPU
	EndGlobalSection
	GlobalSection(SolutionProperties) = preSolution
		HideSolutionNode = FALSE
	EndGlobalSection
	GlobalSection(ExtensibilityGlobals) = postSolution
		SolutionGuid = {A5C37977-14A3-4DFD-8E62-21FC93BE948E}
	EndGlobalSection
EndGlobal
